
Microsoft Visual Studio Solution File, Format Version 12.00
# Visual Studio Version 17
VisualStudioVersion = 17.13.35825.156 d17.13
MinimumVisualStudioVersion = 10.0.40219.1
Project("{FAE04EC0-301F-11D3-BF4B-00C04F79EFBC}") = "CTRLE-Handel-oev-identity", "CTRLE-Handel-oev-identity\CTRLE-Handel-oev-identity.csproj", "{CDA4A904-F470-40DF-9EF6-4D9D8FE1F6AF}"
EndProject
Global
	GlobalSection(SolutionConfigurationPlatforms) = preSolution
		Debug|Any CPU = Debug|Any CPU
		Release|Any CPU = Release|Any CPU
	EndGlobalSection
	GlobalSection(ProjectConfigurationPlatforms) = postSolution
		{CDA4A904-F470-40DF-9EF6-4D9D8FE1F6AF}.Debug|Any CPU.ActiveCfg = Debug|Any CPU
		{CDA4A904-F470-40DF-9EF6-4D9D8FE1F6AF}.Debug|Any CPU.Build.0 = Debug|Any CPU
		{CDA4A904-F470-40DF-9EF6-4D9D8FE1F6AF}.Release|Any CPU.ActiveCfg = Release|Any CPU
		{CDA4A904-F470-40DF-9EF6-4D9D8FE1F6AF}.Release|Any CPU.Build.0 = Release|Any CPU
	EndGlobalSection
	GlobalSection(SolutionProperties) = preSolution
		HideSolutionNode = FALSE
	EndGlobalSection
	GlobalSection(ExtensibilityGlobals) = postSolution
		SolutionGuid = {488B1BCE-C2A9-457E-AA1E-A152A331438C}
	EndGlobalSection
EndGlobal
